// !$*UTF8*$!
{
	archiveVersion = 1;
	classes = {
	};
	objectVersion = 52;
	objects = {

/* Begin PBXBuildFile section */
		CA098A1024EC17E6005B632D /* Tests_iOS.swift in Sources */ = {isa = PBXBuildFile; fileRef = CA098A0F24EC17E6005B632D /* Tests_iOS.swift */; };
		CA098A1B24EC17E6005B632D /* Tests_macOS.swift in Sources */ = {isa = PBXBuildFile; fileRef = CA098A1A24EC17E6005B632D /* Tests_macOS.swift */; };
		CA098A1D24EC17E6005B632D /* LighterPackApp.swift in Sources */ = {isa = PBXBuildFile; fileRef = CA0989F424EC17E5005B632D /* LighterPackApp.swift */; };
		CA098A1E24EC17E6005B632D /* LighterPackApp.swift in Sources */ = {isa = PBXBuildFile; fileRef = CA0989F424EC17E5005B632D /* LighterPackApp.swift */; };
		CA098A1F24EC17E6005B632D /* ContentView.swift in Sources */ = {isa = PBXBuildFile; fileRef = CA0989F524EC17E5005B632D /* ContentView.swift */; };
		CA098A2024EC17E6005B632D /* ContentView.swift in Sources */ = {isa = PBXBuildFile; fileRef = CA0989F524EC17E5005B632D /* ContentView.swift */; };
		CA098A2124EC17E6005B632D /* Assets.xcassets in Resources */ = {isa = PBXBuildFile; fileRef = CA0989F624EC17E6005B632D /* Assets.xcassets */; };
		CA098A2224EC17E6005B632D /* Assets.xcassets in Resources */ = {isa = PBXBuildFile; fileRef = CA0989F624EC17E6005B632D /* Assets.xcassets */; };
		CA098AD924ECDECE005B632D /* Settings.swift in Sources */ = {isa = PBXBuildFile; fileRef = CA098AD824ECDECE005B632D /* Settings.swift */; };
		CA098ADA24ECDECE005B632D /* Settings.swift in Sources */ = {isa = PBXBuildFile; fileRef = CA098AD824ECDECE005B632D /* Settings.swift */; };
		CA098AE024ECDF92005B632D /* WeightUnit.swift in Sources */ = {isa = PBXBuildFile; fileRef = CA098ADF24ECDF92005B632D /* WeightUnit.swift */; };
		CA098AE124ECDF92005B632D /* WeightUnit.swift in Sources */ = {isa = PBXBuildFile; fileRef = CA098ADF24ECDF92005B632D /* WeightUnit.swift */; };
		CA098AE424ECED82005B632D /* PersistentContainer.swift in Sources */ = {isa = PBXBuildFile; fileRef = CA098AE324ECED82005B632D /* PersistentContainer.swift */; };
		CA098AE524ECED82005B632D /* PersistentContainer.swift in Sources */ = {isa = PBXBuildFile; fileRef = CA098AE324ECED82005B632D /* PersistentContainer.swift */; };
		CA098AE824ECEE51005B632D /* Model.xcdatamodeld in Sources */ = {isa = PBXBuildFile; fileRef = CA098AE624ECEE51005B632D /* Model.xcdatamodeld */; };
		CA098AE924ECEE51005B632D /* Model.xcdatamodeld in Sources */ = {isa = PBXBuildFile; fileRef = CA098AE624ECEE51005B632D /* Model.xcdatamodeld */; };
		CA098AED24ECFD15005B632D /* UserDefaults.swift in Sources */ = {isa = PBXBuildFile; fileRef = CA098AEC24ECFD15005B632D /* UserDefaults.swift */; };
		CA098AEE24ECFD15005B632D /* UserDefaults.swift in Sources */ = {isa = PBXBuildFile; fileRef = CA098AEC24ECFD15005B632D /* UserDefaults.swift */; };
		CA098AF124ED0044005B632D /* LighterPackAccess.swift in Sources */ = {isa = PBXBuildFile; fileRef = CA098AF024ED0044005B632D /* LighterPackAccess.swift */; };
		CA098AF224ED0044005B632D /* LighterPackAccess.swift in Sources */ = {isa = PBXBuildFile; fileRef = CA098AF024ED0044005B632D /* LighterPackAccess.swift */; };
		CA098AF424ED00A5005B632D /* APIClient.swift in Sources */ = {isa = PBXBuildFile; fileRef = CA098AF324ED00A5005B632D /* APIClient.swift */; };
		CA098AF524ED00A5005B632D /* APIClient.swift in Sources */ = {isa = PBXBuildFile; fileRef = CA098AF324ED00A5005B632D /* APIClient.swift */; };
		CA098AFD24ED110A005B632D /* LighterPackTests.swift in Sources */ = {isa = PBXBuildFile; fileRef = CA098AFC24ED110A005B632D /* LighterPackTests.swift */; };
		CA098B0624ED1972005B632D /* DictionaryLookup.swift in Sources */ = {isa = PBXBuildFile; fileRef = CA098B0524ED1972005B632D /* DictionaryLookup.swift */; };
		CA098B0724ED1972005B632D /* DictionaryLookup.swift in Sources */ = {isa = PBXBuildFile; fileRef = CA098B0524ED1972005B632D /* DictionaryLookup.swift */; };
		CA098B0924ED199C005B632D /* SyncEngine.swift in Sources */ = {isa = PBXBuildFile; fileRef = CA098B0824ED199C005B632D /* SyncEngine.swift */; };
		CA098B0A24ED199C005B632D /* SyncEngine.swift in Sources */ = {isa = PBXBuildFile; fileRef = CA098B0824ED199C005B632D /* SyncEngine.swift */; };
		CA098B0E24ED2E8E005B632D /* Item.swift in Sources */ = {isa = PBXBuildFile; fileRef = CA098B0B24ED2E8D005B632D /* Item.swift */; };
		CA098B0F24ED2E8E005B632D /* Item.swift in Sources */ = {isa = PBXBuildFile; fileRef = CA098B0B24ED2E8D005B632D /* Item.swift */; };
		CA098B1024ED2E8E005B632D /* List.swift in Sources */ = {isa = PBXBuildFile; fileRef = CA098B0C24ED2E8E005B632D /* List.swift */; };
		CA098B1124ED2E8E005B632D /* List.swift in Sources */ = {isa = PBXBuildFile; fileRef = CA098B0C24ED2E8E005B632D /* List.swift */; };
		CA098B1224ED2E8E005B632D /* Category.swift in Sources */ = {isa = PBXBuildFile; fileRef = CA098B0D24ED2E8E005B632D /* Category.swift */; };
		CA098B1324ED2E8E005B632D /* Category.swift in Sources */ = {isa = PBXBuildFile; fileRef = CA098B0D24ED2E8E005B632D /* Category.swift */; };
		CA098B1524ED2FA4005B632D /* Library.swift in Sources */ = {isa = PBXBuildFile; fileRef = CA098B1424ED2FA4005B632D /* Library.swift */; };
		CA098B1624ED2FA4005B632D /* Library.swift in Sources */ = {isa = PBXBuildFile; fileRef = CA098B1424ED2FA4005B632D /* Library.swift */; };
		CA098B5224ED4E99005B632D /* DBList+CoreDataClass.swift in Sources */ = {isa = PBXBuildFile; fileRef = CA098B4A24ED4E98005B632D /* DBList+CoreDataClass.swift */; };
		CA098B5324ED4E99005B632D /* DBList+CoreDataClass.swift in Sources */ = {isa = PBXBuildFile; fileRef = CA098B4A24ED4E98005B632D /* DBList+CoreDataClass.swift */; };
		CA098B5424ED4E99005B632D /* DBItem+CoreDataProperties.swift in Sources */ = {isa = PBXBuildFile; fileRef = CA098B4B24ED4E98005B632D /* DBItem+CoreDataProperties.swift */; };
		CA098B5524ED4E99005B632D /* DBItem+CoreDataProperties.swift in Sources */ = {isa = PBXBuildFile; fileRef = CA098B4B24ED4E98005B632D /* DBItem+CoreDataProperties.swift */; };
		CA098B5624ED4E99005B632D /* DBCategoryItem+CoreDataClass.swift in Sources */ = {isa = PBXBuildFile; fileRef = CA098B4C24ED4E98005B632D /* DBCategoryItem+CoreDataClass.swift */; };
		CA098B5724ED4E99005B632D /* DBCategoryItem+CoreDataClass.swift in Sources */ = {isa = PBXBuildFile; fileRef = CA098B4C24ED4E98005B632D /* DBCategoryItem+CoreDataClass.swift */; };
		CA098B5824ED4E99005B632D /* DBCategory+CoreDataClass.swift in Sources */ = {isa = PBXBuildFile; fileRef = CA098B4D24ED4E98005B632D /* DBCategory+CoreDataClass.swift */; };
		CA098B5924ED4E99005B632D /* DBCategory+CoreDataClass.swift in Sources */ = {isa = PBXBuildFile; fileRef = CA098B4D24ED4E98005B632D /* DBCategory+CoreDataClass.swift */; };
		CA098B5A24ED4E99005B632D /* DBItem+CoreDataClass.swift in Sources */ = {isa = PBXBuildFile; fileRef = CA098B4E24ED4E98005B632D /* DBItem+CoreDataClass.swift */; };
		CA098B5B24ED4E99005B632D /* DBItem+CoreDataClass.swift in Sources */ = {isa = PBXBuildFile; fileRef = CA098B4E24ED4E98005B632D /* DBItem+CoreDataClass.swift */; };
		CA098B5C24ED4E99005B632D /* DBList+CoreDataProperties.swift in Sources */ = {isa = PBXBuildFile; fileRef = CA098B4F24ED4E98005B632D /* DBList+CoreDataProperties.swift */; };
		CA098B5D24ED4E99005B632D /* DBList+CoreDataProperties.swift in Sources */ = {isa = PBXBuildFile; fileRef = CA098B4F24ED4E98005B632D /* DBList+CoreDataProperties.swift */; };
		CA098B6024ED4E99005B632D /* DBCategoryItem+CoreDataProperties.swift in Sources */ = {isa = PBXBuildFile; fileRef = CA098B5124ED4E99005B632D /* DBCategoryItem+CoreDataProperties.swift */; };
		CA098B6124ED4E99005B632D /* DBCategoryItem+CoreDataProperties.swift in Sources */ = {isa = PBXBuildFile; fileRef = CA098B5124ED4E99005B632D /* DBCategoryItem+CoreDataProperties.swift */; };
		CA24385324ED77B500656024 /* DBCategory+CoreDataProperties.swift in Sources */ = {isa = PBXBuildFile; fileRef = CA24385224ED77B500656024 /* DBCategory+CoreDataProperties.swift */; };
		CA24385424ED77B500656024 /* DBCategory+CoreDataProperties.swift in Sources */ = {isa = PBXBuildFile; fileRef = CA24385224ED77B500656024 /* DBCategory+CoreDataProperties.swift */; };
		CA30256024ED679600FCD4FE /* GearListsScreen.swift in Sources */ = {isa = PBXBuildFile; fileRef = CA30255F24ED679600FCD4FE /* GearListsScreen.swift */; };
		CA30256324ED688D00FCD4FE /* GearListCell.swift in Sources */ = {isa = PBXBuildFile; fileRef = CA30256224ED688D00FCD4FE /* GearListCell.swift */; };
		CA30256524ED696F00FCD4FE /* GearListScreen.swift in Sources */ = {isa = PBXBuildFile; fileRef = CA30256424ED696F00FCD4FE /* GearListScreen.swift */; };
		CA30256724ED6CDB00FCD4FE /* CategoryItemCell.swift in Sources */ = {isa = PBXBuildFile; fileRef = CA30256624ED6CDB00FCD4FE /* CategoryItemCell.swift */; };
		CA79BCDD24EE2F2E00118788 /* SectionHeader.swift in Sources */ = {isa = PBXBuildFile; fileRef = CA79BCDC24EE2F2E00118788 /* SectionHeader.swift */; };
		CA79BCDF24EE2F5D00118788 /* AnyView.swift in Sources */ = {isa = PBXBuildFile; fileRef = CA79BCDE24EE2F5D00118788 /* AnyView.swift */; };
		CA79BCE224EE376C00118788 /* WeightFormatter.swift in Sources */ = {isa = PBXBuildFile; fileRef = CA79BCE124EE376C00118788 /* WeightFormatter.swift */; };
		CA79BCE424EE4A3F00118788 /* NetworkImage.swift in Sources */ = {isa = PBXBuildFile; fileRef = CA79BCE324EE4A3F00118788 /* NetworkImage.swift */; };
		CA79BCE624EE59E400118788 /* ItemsListScreen.swift in Sources */ = {isa = PBXBuildFile; fileRef = CA79BCE524EE59E400118788 /* ItemsListScreen.swift */; };
		CA79BCE824EE5A3300118788 /* ItemCell.swift in Sources */ = {isa = PBXBuildFile; fileRef = CA79BCE724EE5A3300118788 /* ItemCell.swift */; };
		CABC927A24EE5E7F00020600 /* ProfileScreen.swift in Sources */ = {isa = PBXBuildFile; fileRef = CABC927924EE5E7F00020600 /* ProfileScreen.swift */; };
		CABC928324EF491700020600 /* SunburstDiagram in Frameworks */ = {isa = PBXBuildFile; productRef = CABC928224EF491700020600 /* SunburstDiagram */; };
		CABC93AF24EFBEB600020600 /* Color.swift in Sources */ = {isa = PBXBuildFile; fileRef = CABC93AE24EFBEB500020600 /* Color.swift */; };
		CABC93B024EFBEB600020600 /* Color.swift in Sources */ = {isa = PBXBuildFile; fileRef = CABC93AE24EFBEB500020600 /* Color.swift */; };
		CABC93B324EFC3CE00020600 /* GearListCategorySection.swift in Sources */ = {isa = PBXBuildFile; fileRef = CABC93B224EFC3CE00020600 /* GearListCategorySection.swift */; };
		CABC93B424EFC3CE00020600 /* GearListCategorySection.swift in Sources */ = {isa = PBXBuildFile; fileRef = CABC93B224EFC3CE00020600 /* GearListCategorySection.swift */; };
		CABC93B624EFC3FF00020600 /* GearListPieSection.swift in Sources */ = {isa = PBXBuildFile; fileRef = CABC93B524EFC3FF00020600 /* GearListPieSection.swift */; };
		CABC93B724EFC3FF00020600 /* GearListPieSection.swift in Sources */ = {isa = PBXBuildFile; fileRef = CABC93B524EFC3FF00020600 /* GearListPieSection.swift */; };
		CABC957E24F4033200020600 /* PriceFormatter.swift in Sources */ = {isa = PBXBuildFile; fileRef = CABC957D24F4033200020600 /* PriceFormatter.swift */; };
		CABC957F24F4033300020600 /* PriceFormatter.swift in Sources */ = {isa = PBXBuildFile; fileRef = CABC957D24F4033200020600 /* PriceFormatter.swift */; };
		CABC958124F4066900020600 /* Icon.swift in Sources */ = {isa = PBXBuildFile; fileRef = CABC958024F4066900020600 /* Icon.swift */; };
		CABC958224F4066900020600 /* Icon.swift in Sources */ = {isa = PBXBuildFile; fileRef = CABC958024F4066900020600 /* Icon.swift */; };
		CABC958724F4997800020600 /* DBCategory+Extension.swift in Sources */ = {isa = PBXBuildFile; fileRef = CABC958624F4997800020600 /* DBCategory+Extension.swift */; };
		CABC958824F4997800020600 /* DBCategory+Extension.swift in Sources */ = {isa = PBXBuildFile; fileRef = CABC958624F4997800020600 /* DBCategory+Extension.swift */; };
		CABC958A24F4999A00020600 /* DBCategoryItem+Extension.swift in Sources */ = {isa = PBXBuildFile; fileRef = CABC958924F4999A00020600 /* DBCategoryItem+Extension.swift */; };
		CABC958B24F4999A00020600 /* DBCategoryItem+Extension.swift in Sources */ = {isa = PBXBuildFile; fileRef = CABC958924F4999A00020600 /* DBCategoryItem+Extension.swift */; };
		CABC958D24F499BB00020600 /* DBItem+Extension.swift in Sources */ = {isa = PBXBuildFile; fileRef = CABC958C24F499BB00020600 /* DBItem+Extension.swift */; };
		CABC958E24F499BB00020600 /* DBItem+Extension.swift in Sources */ = {isa = PBXBuildFile; fileRef = CABC958C24F499BB00020600 /* DBItem+Extension.swift */; };
		CABC959024F499DE00020600 /* DBList+Extension.swift in Sources */ = {isa = PBXBuildFile; fileRef = CABC958F24F499DE00020600 /* DBList+Extension.swift */; };
		CABC959124F499DE00020600 /* DBList+Extension.swift in Sources */ = {isa = PBXBuildFile; fileRef = CABC958F24F499DE00020600 /* DBList+Extension.swift */; };
		CABC959324F4B90100020600 /* ShareSheet.swift in Sources */ = {isa = PBXBuildFile; fileRef = CABC959224F4B90100020600 /* ShareSheet.swift */; };
		CABC959424F4B90100020600 /* ShareSheet.swift in Sources */ = {isa = PBXBuildFile; fileRef = CABC959224F4B90100020600 /* ShareSheet.swift */; };
		CADC4BC024ED613100D36160 /* SignInEndpoint.swift in Sources */ = {isa = PBXBuildFile; fileRef = CADC4BBF24ED613100D36160 /* SignInEndpoint.swift */; };
		CADC4BC124ED614D00D36160 /* SignInEndpoint.swift in Sources */ = {isa = PBXBuildFile; fileRef = CADC4BBF24ED613100D36160 /* SignInEndpoint.swift */; };
		CADC4BC324ED616400D36160 /* RetrieveInfoEndpoint.swift in Sources */ = {isa = PBXBuildFile; fileRef = CADC4BC224ED616400D36160 /* RetrieveInfoEndpoint.swift */; };
		CADC4BC524ED618400D36160 /* SaveEndpoint.swift in Sources */ = {isa = PBXBuildFile; fileRef = CADC4BC424ED618400D36160 /* SaveEndpoint.swift */; };
/* End PBXBuildFile section */

/* Begin PBXContainerItemProxy section */
		CA098A0C24EC17E6005B632D /* PBXContainerItemProxy */ = {
			isa = PBXContainerItemProxy;
			containerPortal = CA0989EF24EC17E4005B632D /* Project object */;
			proxyType = 1;
			remoteGlobalIDString = CA0989FA24EC17E6005B632D;
			remoteInfo = "LighterPack (iOS)";
		};
		CA098A1724EC17E6005B632D /* PBXContainerItemProxy */ = {
			isa = PBXContainerItemProxy;
			containerPortal = CA0989EF24EC17E4005B632D /* Project object */;
			proxyType = 1;
			remoteGlobalIDString = CA098A0224EC17E6005B632D;
			remoteInfo = "LighterPack (macOS)";
		};
		CA098B0224ED1131005B632D /* PBXContainerItemProxy */ = {
			isa = PBXContainerItemProxy;
			containerPortal = CA0989EF24EC17E4005B632D /* Project object */;
			proxyType = 1;
			remoteGlobalIDString = CA0989FA24EC17E6005B632D;
			remoteInfo = "LighterPack (iOS)";
		};
/* End PBXContainerItemProxy section */

/* Begin PBXFileReference section */
		CA0989F424EC17E5005B632D /* LighterPackApp.swift */ = {isa = PBXFileReference; lastKnownFileType = sourcecode.swift; path = LighterPackApp.swift; sourceTree = "<group>"; };
		CA0989F524EC17E5005B632D /* ContentView.swift */ = {isa = PBXFileReference; lastKnownFileType = sourcecode.swift; path = ContentView.swift; sourceTree = "<group>"; };
		CA0989F624EC17E6005B632D /* Assets.xcassets */ = {isa = PBXFileReference; lastKnownFileType = folder.assetcatalog; path = Assets.xcassets; sourceTree = "<group>"; };
		CA0989FB24EC17E6005B632D /* LighterPack.app */ = {isa = PBXFileReference; explicitFileType = wrapper.application; includeInIndex = 0; path = LighterPack.app; sourceTree = BUILT_PRODUCTS_DIR; };
		CA0989FE24EC17E6005B632D /* Info.plist */ = {isa = PBXFileReference; lastKnownFileType = text.plist.xml; path = Info.plist; sourceTree = "<group>"; };
		CA098A0324EC17E6005B632D /* LighterPack.app */ = {isa = PBXFileReference; explicitFileType = wrapper.application; includeInIndex = 0; path = LighterPack.app; sourceTree = BUILT_PRODUCTS_DIR; };
		CA098A0524EC17E6005B632D /* Info.plist */ = {isa = PBXFileReference; lastKnownFileType = text.plist.xml; path = Info.plist; sourceTree = "<group>"; };
		CA098A0624EC17E6005B632D /* macOS.entitlements */ = {isa = PBXFileReference; lastKnownFileType = text.plist.entitlements; path = macOS.entitlements; sourceTree = "<group>"; };
		CA098A0B24EC17E6005B632D /* Tests iOS.xctest */ = {isa = PBXFileReference; explicitFileType = wrapper.cfbundle; includeInIndex = 0; path = "Tests iOS.xctest"; sourceTree = BUILT_PRODUCTS_DIR; };
		CA098A0F24EC17E6005B632D /* Tests_iOS.swift */ = {isa = PBXFileReference; lastKnownFileType = sourcecode.swift; path = Tests_iOS.swift; sourceTree = "<group>"; };
		CA098A1124EC17E6005B632D /* Info.plist */ = {isa = PBXFileReference; lastKnownFileType = text.plist.xml; path = Info.plist; sourceTree = "<group>"; };
		CA098A1624EC17E6005B632D /* Tests macOS.xctest */ = {isa = PBXFileReference; explicitFileType = wrapper.cfbundle; includeInIndex = 0; path = "Tests macOS.xctest"; sourceTree = BUILT_PRODUCTS_DIR; };
		CA098A1A24EC17E6005B632D /* Tests_macOS.swift */ = {isa = PBXFileReference; lastKnownFileType = sourcecode.swift; path = Tests_macOS.swift; sourceTree = "<group>"; };
		CA098A1C24EC17E6005B632D /* Info.plist */ = {isa = PBXFileReference; lastKnownFileType = text.plist.xml; path = Info.plist; sourceTree = "<group>"; };
		CA098AD824ECDECE005B632D /* Settings.swift */ = {isa = PBXFileReference; lastKnownFileType = sourcecode.swift; path = Settings.swift; sourceTree = "<group>"; };
		CA098ADF24ECDF92005B632D /* WeightUnit.swift */ = {isa = PBXFileReference; lastKnownFileType = sourcecode.swift; path = WeightUnit.swift; sourceTree = "<group>"; };
		CA098AE324ECED82005B632D /* PersistentContainer.swift */ = {isa = PBXFileReference; lastKnownFileType = sourcecode.swift; path = PersistentContainer.swift; sourceTree = "<group>"; };
		CA098AE724ECEE51005B632D /* Model.xcdatamodel */ = {isa = PBXFileReference; lastKnownFileType = wrapper.xcdatamodel; path = Model.xcdatamodel; sourceTree = "<group>"; };
		CA098AEC24ECFD15005B632D /* UserDefaults.swift */ = {isa = PBXFileReference; lastKnownFileType = sourcecode.swift; path = UserDefaults.swift; sourceTree = "<group>"; };
		CA098AF024ED0044005B632D /* LighterPackAccess.swift */ = {isa = PBXFileReference; lastKnownFileType = sourcecode.swift; path = LighterPackAccess.swift; sourceTree = "<group>"; };
		CA098AF324ED00A5005B632D /* APIClient.swift */ = {isa = PBXFileReference; lastKnownFileType = sourcecode.swift; path = APIClient.swift; sourceTree = "<group>"; };
		CA098AFA24ED110A005B632D /* LighterPackTests.xctest */ = {isa = PBXFileReference; explicitFileType = wrapper.cfbundle; includeInIndex = 0; path = LighterPackTests.xctest; sourceTree = BUILT_PRODUCTS_DIR; };
		CA098AFC24ED110A005B632D /* LighterPackTests.swift */ = {isa = PBXFileReference; lastKnownFileType = sourcecode.swift; path = LighterPackTests.swift; sourceTree = "<group>"; };
		CA098AFE24ED110A005B632D /* Info.plist */ = {isa = PBXFileReference; lastKnownFileType = text.plist.xml; path = Info.plist; sourceTree = "<group>"; };
		CA098B0524ED1972005B632D /* DictionaryLookup.swift */ = {isa = PBXFileReference; lastKnownFileType = sourcecode.swift; path = DictionaryLookup.swift; sourceTree = "<group>"; };
		CA098B0824ED199C005B632D /* SyncEngine.swift */ = {isa = PBXFileReference; lastKnownFileType = sourcecode.swift; path = SyncEngine.swift; sourceTree = "<group>"; };
		CA098B0B24ED2E8D005B632D /* Item.swift */ = {isa = PBXFileReference; fileEncoding = 4; lastKnownFileType = sourcecode.swift; path = Item.swift; sourceTree = "<group>"; };
		CA098B0C24ED2E8E005B632D /* List.swift */ = {isa = PBXFileReference; fileEncoding = 4; lastKnownFileType = sourcecode.swift; path = List.swift; sourceTree = "<group>"; };
		CA098B0D24ED2E8E005B632D /* Category.swift */ = {isa = PBXFileReference; fileEncoding = 4; lastKnownFileType = sourcecode.swift; path = Category.swift; sourceTree = "<group>"; };
		CA098B1424ED2FA4005B632D /* Library.swift */ = {isa = PBXFileReference; lastKnownFileType = sourcecode.swift; path = Library.swift; sourceTree = "<group>"; };
		CA098B4A24ED4E98005B632D /* DBList+CoreDataClass.swift */ = {isa = PBXFileReference; fileEncoding = 4; lastKnownFileType = sourcecode.swift; path = "DBList+CoreDataClass.swift"; sourceTree = "<group>"; };
		CA098B4B24ED4E98005B632D /* DBItem+CoreDataProperties.swift */ = {isa = PBXFileReference; fileEncoding = 4; lastKnownFileType = sourcecode.swift; path = "DBItem+CoreDataProperties.swift"; sourceTree = "<group>"; };
		CA098B4C24ED4E98005B632D /* DBCategoryItem+CoreDataClass.swift */ = {isa = PBXFileReference; fileEncoding = 4; lastKnownFileType = sourcecode.swift; path = "DBCategoryItem+CoreDataClass.swift"; sourceTree = "<group>"; };
		CA098B4D24ED4E98005B632D /* DBCategory+CoreDataClass.swift */ = {isa = PBXFileReference; fileEncoding = 4; lastKnownFileType = sourcecode.swift; path = "DBCategory+CoreDataClass.swift"; sourceTree = "<group>"; };
		CA098B4E24ED4E98005B632D /* DBItem+CoreDataClass.swift */ = {isa = PBXFileReference; fileEncoding = 4; lastKnownFileType = sourcecode.swift; path = "DBItem+CoreDataClass.swift"; sourceTree = "<group>"; };
		CA098B4F24ED4E98005B632D /* DBList+CoreDataProperties.swift */ = {isa = PBXFileReference; fileEncoding = 4; lastKnownFileType = sourcecode.swift; path = "DBList+CoreDataProperties.swift"; sourceTree = "<group>"; };
		CA098B5124ED4E99005B632D /* DBCategoryItem+CoreDataProperties.swift */ = {isa = PBXFileReference; fileEncoding = 4; lastKnownFileType = sourcecode.swift; path = "DBCategoryItem+CoreDataProperties.swift"; sourceTree = "<group>"; };
		CA24385224ED77B500656024 /* DBCategory+CoreDataProperties.swift */ = {isa = PBXFileReference; lastKnownFileType = sourcecode.swift; path = "DBCategory+CoreDataProperties.swift"; sourceTree = "<group>"; };
		CA30255F24ED679600FCD4FE /* GearListsScreen.swift */ = {isa = PBXFileReference; lastKnownFileType = sourcecode.swift; path = GearListsScreen.swift; sourceTree = "<group>"; };
		CA30256224ED688D00FCD4FE /* GearListCell.swift */ = {isa = PBXFileReference; lastKnownFileType = sourcecode.swift; path = GearListCell.swift; sourceTree = "<group>"; };
		CA30256424ED696F00FCD4FE /* GearListScreen.swift */ = {isa = PBXFileReference; lastKnownFileType = sourcecode.swift; path = GearListScreen.swift; sourceTree = "<group>"; };
		CA30256624ED6CDB00FCD4FE /* CategoryItemCell.swift */ = {isa = PBXFileReference; lastKnownFileType = sourcecode.swift; path = CategoryItemCell.swift; sourceTree = "<group>"; };
		CA79BCDC24EE2F2E00118788 /* SectionHeader.swift */ = {isa = PBXFileReference; lastKnownFileType = sourcecode.swift; path = SectionHeader.swift; sourceTree = "<group>"; };
		CA79BCDE24EE2F5D00118788 /* AnyView.swift */ = {isa = PBXFileReference; lastKnownFileType = sourcecode.swift; path = AnyView.swift; sourceTree = "<group>"; };
		CA79BCE124EE376C00118788 /* WeightFormatter.swift */ = {isa = PBXFileReference; lastKnownFileType = sourcecode.swift; path = WeightFormatter.swift; sourceTree = "<group>"; };
		CA79BCE324EE4A3F00118788 /* NetworkImage.swift */ = {isa = PBXFileReference; lastKnownFileType = sourcecode.swift; path = NetworkImage.swift; sourceTree = "<group>"; };
		CA79BCE524EE59E400118788 /* ItemsListScreen.swift */ = {isa = PBXFileReference; lastKnownFileType = sourcecode.swift; path = ItemsListScreen.swift; sourceTree = "<group>"; };
		CA79BCE724EE5A3300118788 /* ItemCell.swift */ = {isa = PBXFileReference; lastKnownFileType = sourcecode.swift; path = ItemCell.swift; sourceTree = "<group>"; };
		CABC927924EE5E7F00020600 /* ProfileScreen.swift */ = {isa = PBXFileReference; lastKnownFileType = sourcecode.swift; path = ProfileScreen.swift; sourceTree = "<group>"; };
		CABC928024EF48B600020600 /* SwiftSunburstDiagram */ = {isa = PBXFileReference; lastKnownFileType = folder; name = SwiftSunburstDiagram; path = ../Frameworks/SwiftSunburstDiagram; sourceTree = "<group>"; };
		CABC93AE24EFBEB500020600 /* Color.swift */ = {isa = PBXFileReference; lastKnownFileType = sourcecode.swift; path = Color.swift; sourceTree = "<group>"; };
		CABC93B224EFC3CE00020600 /* GearListCategorySection.swift */ = {isa = PBXFileReference; lastKnownFileType = sourcecode.swift; path = GearListCategorySection.swift; sourceTree = "<group>"; };
		CABC93B524EFC3FF00020600 /* GearListPieSection.swift */ = {isa = PBXFileReference; lastKnownFileType = sourcecode.swift; path = GearListPieSection.swift; sourceTree = "<group>"; };
		CABC957D24F4033200020600 /* PriceFormatter.swift */ = {isa = PBXFileReference; lastKnownFileType = sourcecode.swift; path = PriceFormatter.swift; sourceTree = "<group>"; };
		CABC958024F4066900020600 /* Icon.swift */ = {isa = PBXFileReference; lastKnownFileType = sourcecode.swift; path = Icon.swift; sourceTree = "<group>"; };
		CABC958624F4997800020600 /* DBCategory+Extension.swift */ = {isa = PBXFileReference; lastKnownFileType = sourcecode.swift; path = "DBCategory+Extension.swift"; sourceTree = "<group>"; };
		CABC958924F4999A00020600 /* DBCategoryItem+Extension.swift */ = {isa = PBXFileReference; lastKnownFileType = sourcecode.swift; path = "DBCategoryItem+Extension.swift"; sourceTree = "<group>"; };
		CABC958C24F499BB00020600 /* DBItem+Extension.swift */ = {isa = PBXFileReference; lastKnownFileType = sourcecode.swift; path = "DBItem+Extension.swift"; sourceTree = "<group>"; };
		CABC958F24F499DE00020600 /* DBList+Extension.swift */ = {isa = PBXFileReference; lastKnownFileType = sourcecode.swift; path = "DBList+Extension.swift"; sourceTree = "<group>"; };
		CABC959224F4B90100020600 /* ShareSheet.swift */ = {isa = PBXFileReference; lastKnownFileType = sourcecode.swift; path = ShareSheet.swift; sourceTree = "<group>"; };
		CADC4BBF24ED613100D36160 /* SignInEndpoint.swift */ = {isa = PBXFileReference; lastKnownFileType = sourcecode.swift; path = SignInEndpoint.swift; sourceTree = "<group>"; };
		CADC4BC224ED616400D36160 /* RetrieveInfoEndpoint.swift */ = {isa = PBXFileReference; lastKnownFileType = sourcecode.swift; path = RetrieveInfoEndpoint.swift; sourceTree = "<group>"; };
		CADC4BC424ED618400D36160 /* SaveEndpoint.swift */ = {isa = PBXFileReference; lastKnownFileType = sourcecode.swift; path = SaveEndpoint.swift; sourceTree = "<group>"; };
/* End PBXFileReference section */

/* Begin PBXFrameworksBuildPhase section */
		CA0989F824EC17E6005B632D /* Frameworks */ = {
			isa = PBXFrameworksBuildPhase;
			buildActionMask = 2147483647;
			files = (
				CABC928324EF491700020600 /* SunburstDiagram in Frameworks */,
			);
			runOnlyForDeploymentPostprocessing = 0;
		};
		CA098A0024EC17E6005B632D /* Frameworks */ = {
			isa = PBXFrameworksBuildPhase;
			buildActionMask = 2147483647;
			files = (
			);
			runOnlyForDeploymentPostprocessing = 0;
		};
		CA098A0824EC17E6005B632D /* Frameworks */ = {
			isa = PBXFrameworksBuildPhase;
			buildActionMask = 2147483647;
			files = (
			);
			runOnlyForDeploymentPostprocessing = 0;
		};
		CA098A1324EC17E6005B632D /* Frameworks */ = {
			isa = PBXFrameworksBuildPhase;
			buildActionMask = 2147483647;
			files = (
			);
			runOnlyForDeploymentPostprocessing = 0;
		};
		CA098AF724ED110A005B632D /* Frameworks */ = {
			isa = PBXFrameworksBuildPhase;
			buildActionMask = 2147483647;
			files = (
			);
			runOnlyForDeploymentPostprocessing = 0;
		};
/* End PBXFrameworksBuildPhase section */

/* Begin PBXGroup section */
		CA0989EE24EC17E4005B632D = {
			isa = PBXGroup;
			children = (
				CABC928024EF48B600020600 /* SwiftSunburstDiagram */,
				CA0989F324EC17E5005B632D /* Shared */,
				CA0989FD24EC17E6005B632D /* iOS */,
				CA098A0424EC17E6005B632D /* macOS */,
				CA098A0E24EC17E6005B632D /* Tests iOS */,
				CA098A1924EC17E6005B632D /* Tests macOS */,
				CA098AFB24ED110A005B632D /* LighterPackTests */,
				CA0989FC24EC17E6005B632D /* Products */,
			);
			sourceTree = "<group>";
		};
		CA0989F324EC17E5005B632D /* Shared */ = {
			isa = PBXGroup;
			children = (
				CA0989F524EC17E5005B632D /* ContentView.swift */,
				CA0989F424EC17E5005B632D /* LighterPackApp.swift */,
				CA0989F624EC17E6005B632D /* Assets.xcassets */,
				CA098ACB24ECDDD9005B632D /* Models */,
				CA098AEF24ED002E005B632D /* Network */,
				CA098AE224ECED6B005B632D /* Persistence */,
				CA30255B24ED674F00FCD4FE /* Screens */,
				CA098AEA24ECFAC1005B632D /* Sync */,
				CADC4BC624ED620300D36160 /* Utils */,
			);
			path = Shared;
			sourceTree = "<group>";
		};
		CA0989FC24EC17E6005B632D /* Products */ = {
			isa = PBXGroup;
			children = (
				CA0989FB24EC17E6005B632D /* LighterPack.app */,
				CA098A0324EC17E6005B632D /* LighterPack.app */,
				CA098A0B24EC17E6005B632D /* Tests iOS.xctest */,
				CA098A1624EC17E6005B632D /* Tests macOS.xctest */,
				CA098AFA24ED110A005B632D /* LighterPackTests.xctest */,
			);
			name = Products;
			sourceTree = "<group>";
		};
		CA0989FD24EC17E6005B632D /* iOS */ = {
			isa = PBXGroup;
			children = (
				CA0989FE24EC17E6005B632D /* Info.plist */,
			);
			path = iOS;
			sourceTree = "<group>";
		};
		CA098A0424EC17E6005B632D /* macOS */ = {
			isa = PBXGroup;
			children = (
				CA098A0524EC17E6005B632D /* Info.plist */,
				CA098A0624EC17E6005B632D /* macOS.entitlements */,
			);
			path = macOS;
			sourceTree = "<group>";
		};
		CA098A0E24EC17E6005B632D /* Tests iOS */ = {
			isa = PBXGroup;
			children = (
				CA098A0F24EC17E6005B632D /* Tests_iOS.swift */,
				CA098A1124EC17E6005B632D /* Info.plist */,
			);
			path = "Tests iOS";
			sourceTree = "<group>";
		};
		CA098A1924EC17E6005B632D /* Tests macOS */ = {
			isa = PBXGroup;
			children = (
				CA098A1A24EC17E6005B632D /* Tests_macOS.swift */,
				CA098A1C24EC17E6005B632D /* Info.plist */,
			);
			path = "Tests macOS";
			sourceTree = "<group>";
		};
		CA098ACB24ECDDD9005B632D /* Models */ = {
			isa = PBXGroup;
			children = (
				CA098B0D24ED2E8E005B632D /* Category.swift */,
				CA098B0B24ED2E8D005B632D /* Item.swift */,
				CA098B1424ED2FA4005B632D /* Library.swift */,
				CA098B0C24ED2E8E005B632D /* List.swift */,
				CA098AD824ECDECE005B632D /* Settings.swift */,
				CA098ADF24ECDF92005B632D /* WeightUnit.swift */,
			);
			path = Models;
			sourceTree = "<group>";
		};
		CA098AE224ECED6B005B632D /* Persistence */ = {
			isa = PBXGroup;
			children = (
				CA098AE324ECED82005B632D /* PersistentContainer.swift */,
				CA098B3024ED349F005B632D /* Models */,
			);
			path = Persistence;
			sourceTree = "<group>";
		};
		CA098AEA24ECFAC1005B632D /* Sync */ = {
			isa = PBXGroup;
			children = (
				CA098B0824ED199C005B632D /* SyncEngine.swift */,
			);
			path = Sync;
			sourceTree = "<group>";
		};
		CA098AEB24ECFD04005B632D /* PropertyWrappers */ = {
			isa = PBXGroup;
			children = (
				CA098AEC24ECFD15005B632D /* UserDefaults.swift */,
			);
			path = PropertyWrappers;
			sourceTree = "<group>";
		};
		CA098AEF24ED002E005B632D /* Network */ = {
			isa = PBXGroup;
			children = (
				CADC4BBE24ED611C00D36160 /* Endpoints */,
				CA098AF024ED0044005B632D /* LighterPackAccess.swift */,
				CA098AF324ED00A5005B632D /* APIClient.swift */,
			);
			path = Network;
			sourceTree = "<group>";
		};
		CA098AFB24ED110A005B632D /* LighterPackTests */ = {
			isa = PBXGroup;
			children = (
				CA098AFC24ED110A005B632D /* LighterPackTests.swift */,
				CA098AFE24ED110A005B632D /* Info.plist */,
			);
			path = LighterPackTests;
			sourceTree = "<group>";
		};
		CA098B0424ED1965005B632D /* Extensions */ = {
			isa = PBXGroup;
			children = (
				CA098B0524ED1972005B632D /* DictionaryLookup.swift */,
				CABC93AE24EFBEB500020600 /* Color.swift */,
			);
			path = Extensions;
			sourceTree = "<group>";
		};
		CA098B3024ED349F005B632D /* Models */ = {
			isa = PBXGroup;
			children = (
				CA098B4D24ED4E98005B632D /* DBCategory+CoreDataClass.swift */,
				CA24385224ED77B500656024 /* DBCategory+CoreDataProperties.swift */,
				CABC958624F4997800020600 /* DBCategory+Extension.swift */,
				CA098B4C24ED4E98005B632D /* DBCategoryItem+CoreDataClass.swift */,
				CA098B5124ED4E99005B632D /* DBCategoryItem+CoreDataProperties.swift */,
				CABC958924F4999A00020600 /* DBCategoryItem+Extension.swift */,
				CA098B4E24ED4E98005B632D /* DBItem+CoreDataClass.swift */,
				CA098B4B24ED4E98005B632D /* DBItem+CoreDataProperties.swift */,
				CABC958C24F499BB00020600 /* DBItem+Extension.swift */,
				CA098B4A24ED4E98005B632D /* DBList+CoreDataClass.swift */,
				CA098B4F24ED4E98005B632D /* DBList+CoreDataProperties.swift */,
				CABC958F24F499DE00020600 /* DBList+Extension.swift */,
				CA098AE624ECEE51005B632D /* Model.xcdatamodeld */,
			);
			path = Models;
			sourceTree = "<group>";
		};
		CA30255B24ED674F00FCD4FE /* Screens */ = {
			isa = PBXGroup;
			children = (
				CABC93B124EFC3C300020600 /* Sections */,
				CA30256124ED687900FCD4FE /* Components */,
				CA30255F24ED679600FCD4FE /* GearListsScreen.swift */,
				CA30256424ED696F00FCD4FE /* GearListScreen.swift */,
				CA79BCE524EE59E400118788 /* ItemsListScreen.swift */,
				CABC927924EE5E7F00020600 /* ProfileScreen.swift */,
			);
			path = Screens;
			sourceTree = "<group>";
		};
		CA30256124ED687900FCD4FE /* Components */ = {
			isa = PBXGroup;
			children = (
				CA30256224ED688D00FCD4FE /* GearListCell.swift */,
				CA30256624ED6CDB00FCD4FE /* CategoryItemCell.swift */,
				CA79BCE724EE5A3300118788 /* ItemCell.swift */,
			);
			path = Components;
			sourceTree = "<group>";
		};
		CA79BCDB24EE2F2100118788 /* View */ = {
			isa = PBXGroup;
			children = (
				CA79BCDC24EE2F2E00118788 /* SectionHeader.swift */,
				CA79BCDE24EE2F5D00118788 /* AnyView.swift */,
				CA79BCE324EE4A3F00118788 /* NetworkImage.swift */,
				CABC958024F4066900020600 /* Icon.swift */,
				CABC959224F4B90100020600 /* ShareSheet.swift */,
			);
			path = View;
			sourceTree = "<group>";
		};
		CA79BCE024EE375C00118788 /* Weight */ = {
			isa = PBXGroup;
			children = (
				CA79BCE124EE376C00118788 /* WeightFormatter.swift */,
			);
			path = Weight;
			sourceTree = "<group>";
		};
		CABC93B124EFC3C300020600 /* Sections */ = {
			isa = PBXGroup;
			children = (
				CABC93B224EFC3CE00020600 /* GearListCategorySection.swift */,
				CABC93B524EFC3FF00020600 /* GearListPieSection.swift */,
			);
			path = Sections;
			sourceTree = "<group>";
		};
		CABC957C24F4032900020600 /* Price */ = {
			isa = PBXGroup;
			children = (
				CABC957D24F4033200020600 /* PriceFormatter.swift */,
			);
			path = Price;
			sourceTree = "<group>";
		};
		CADC4BBE24ED611C00D36160 /* Endpoints */ = {
			isa = PBXGroup;
			children = (
				CADC4BBF24ED613100D36160 /* SignInEndpoint.swift */,
				CADC4BC224ED616400D36160 /* RetrieveInfoEndpoint.swift */,
				CADC4BC424ED618400D36160 /* SaveEndpoint.swift */,
			);
			path = Endpoints;
			sourceTree = "<group>";
		};
		CADC4BC624ED620300D36160 /* Utils */ = {
			isa = PBXGroup;
			children = (
				CABC957C24F4032900020600 /* Price */,
				CA79BCE024EE375C00118788 /* Weight */,
				CA79BCDB24EE2F2100118788 /* View */,
				CA098B0424ED1965005B632D /* Extensions */,
				CA098AEB24ECFD04005B632D /* PropertyWrappers */,
			);
			path = Utils;
			sourceTree = "<group>";
		};
/* End PBXGroup section */

/* Begin PBXNativeTarget section */
		CA0989FA24EC17E6005B632D /* LighterPack (iOS) */ = {
			isa = PBXNativeTarget;
			buildConfigurationList = CA098A2524EC17E6005B632D /* Build configuration list for PBXNativeTarget "LighterPack (iOS)" */;
			buildPhases = (
				CA0989F724EC17E6005B632D /* Sources */,
				CA0989F824EC17E6005B632D /* Frameworks */,
				CA0989F924EC17E6005B632D /* Resources */,
			);
			buildRules = (
			);
			dependencies = (
			);
			name = "LighterPack (iOS)";
			packageProductDependencies = (
				CABC928224EF491700020600 /* SunburstDiagram */,
			);
			productName = "LighterPack (iOS)";
			productReference = CA0989FB24EC17E6005B632D /* LighterPack.app */;
			productType = "com.apple.product-type.application";
		};
		CA098A0224EC17E6005B632D /* LighterPack (macOS) */ = {
			isa = PBXNativeTarget;
			buildConfigurationList = CA098A2824EC17E6005B632D /* Build configuration list for PBXNativeTarget "LighterPack (macOS)" */;
			buildPhases = (
				CA0989FF24EC17E6005B632D /* Sources */,
				CA098A0024EC17E6005B632D /* Frameworks */,
				CA098A0124EC17E6005B632D /* Resources */,
			);
			buildRules = (
			);
			dependencies = (
			);
			name = "LighterPack (macOS)";
			productName = "LighterPack (macOS)";
			productReference = CA098A0324EC17E6005B632D /* LighterPack.app */;
			productType = "com.apple.product-type.application";
		};
		CA098A0A24EC17E6005B632D /* Tests iOS */ = {
			isa = PBXNativeTarget;
			buildConfigurationList = CA098A2B24EC17E6005B632D /* Build configuration list for PBXNativeTarget "Tests iOS" */;
			buildPhases = (
				CA098A0724EC17E6005B632D /* Sources */,
				CA098A0824EC17E6005B632D /* Frameworks */,
				CA098A0924EC17E6005B632D /* Resources */,
			);
			buildRules = (
			);
			dependencies = (
				CA098A0D24EC17E6005B632D /* PBXTargetDependency */,
			);
			name = "Tests iOS";
			productName = "Tests iOS";
			productReference = CA098A0B24EC17E6005B632D /* Tests iOS.xctest */;
			productType = "com.apple.product-type.bundle.ui-testing";
		};
		CA098A1524EC17E6005B632D /* Tests macOS */ = {
			isa = PBXNativeTarget;
			buildConfigurationList = CA098A2E24EC17E6005B632D /* Build configuration list for PBXNativeTarget "Tests macOS" */;
			buildPhases = (
				CA098A1224EC17E6005B632D /* Sources */,
				CA098A1324EC17E6005B632D /* Frameworks */,
				CA098A1424EC17E6005B632D /* Resources */,
			);
			buildRules = (
			);
			dependencies = (
				CA098A1824EC17E6005B632D /* PBXTargetDependency */,
			);
			name = "Tests macOS";
			productName = "Tests macOS";
			productReference = CA098A1624EC17E6005B632D /* Tests macOS.xctest */;
			productType = "com.apple.product-type.bundle.ui-testing";
		};
		CA098AF924ED110A005B632D /* LighterPackTests */ = {
			isa = PBXNativeTarget;
			buildConfigurationList = CA098AFF24ED110A005B632D /* Build configuration list for PBXNativeTarget "LighterPackTests" */;
			buildPhases = (
				CA098AF624ED110A005B632D /* Sources */,
				CA098AF724ED110A005B632D /* Frameworks */,
				CA098AF824ED110A005B632D /* Resources */,
			);
			buildRules = (
			);
			dependencies = (
				CA098B0324ED1131005B632D /* PBXTargetDependency */,
			);
			name = LighterPackTests;
			productName = LighterPackTests;
			productReference = CA098AFA24ED110A005B632D /* LighterPackTests.xctest */;
			productType = "com.apple.product-type.bundle.unit-test";
		};
/* End PBXNativeTarget section */

/* Begin PBXProject section */
		CA0989EF24EC17E4005B632D /* Project object */ = {
			isa = PBXProject;
			attributes = {
				LastSwiftUpdateCheck = 1200;
				LastUpgradeCheck = 1200;
				TargetAttributes = {
					CA0989FA24EC17E6005B632D = {
						CreatedOnToolsVersion = 12.0;
					};
					CA098A0224EC17E6005B632D = {
						CreatedOnToolsVersion = 12.0;
					};
					CA098A0A24EC17E6005B632D = {
						CreatedOnToolsVersion = 12.0;
						TestTargetID = CA0989FA24EC17E6005B632D;
					};
					CA098A1524EC17E6005B632D = {
						CreatedOnToolsVersion = 12.0;
						TestTargetID = CA098A0224EC17E6005B632D;
					};
					CA098AF924ED110A005B632D = {
						CreatedOnToolsVersion = 12.0;
						TestTargetID = CA0989FA24EC17E6005B632D;
					};
				};
			};
			buildConfigurationList = CA0989F224EC17E4005B632D /* Build configuration list for PBXProject "LighterPack" */;
			compatibilityVersion = "Xcode 9.3";
			developmentRegion = en;
			hasScannedForEncodings = 0;
			knownRegions = (
				en,
				Base,
			);
			mainGroup = CA0989EE24EC17E4005B632D;
			packageReferences = (
				CABC928124EF491700020600 /* XCRemoteSwiftPackageReference "SwiftSunburstDiagram" */,
			);
			productRefGroup = CA0989FC24EC17E6005B632D /* Products */;
			projectDirPath = "";
			projectRoot = "";
			targets = (
				CA0989FA24EC17E6005B632D /* LighterPack (iOS) */,
				CA098A0224EC17E6005B632D /* LighterPack (macOS) */,
				CA098A0A24EC17E6005B632D /* Tests iOS */,
				CA098A1524EC17E6005B632D /* Tests macOS */,
				CA098AF924ED110A005B632D /* LighterPackTests */,
			);
		};
/* End PBXProject section */

/* Begin PBXResourcesBuildPhase section */
		CA0989F924EC17E6005B632D /* Resources */ = {
			isa = PBXResourcesBuildPhase;
			buildActionMask = 2147483647;
			files = (
				CA098A2124EC17E6005B632D /* Assets.xcassets in Resources */,
			);
			runOnlyForDeploymentPostprocessing = 0;
		};
		CA098A0124EC17E6005B632D /* Resources */ = {
			isa = PBXResourcesBuildPhase;
			buildActionMask = 2147483647;
			files = (
				CA098A2224EC17E6005B632D /* Assets.xcassets in Resources */,
			);
			runOnlyForDeploymentPostprocessing = 0;
		};
		CA098A0924EC17E6005B632D /* Resources */ = {
			isa = PBXResourcesBuildPhase;
			buildActionMask = 2147483647;
			files = (
			);
			runOnlyForDeploymentPostprocessing = 0;
		};
		CA098A1424EC17E6005B632D /* Resources */ = {
			isa = PBXResourcesBuildPhase;
			buildActionMask = 2147483647;
			files = (
			);
			runOnlyForDeploymentPostprocessing = 0;
		};
		CA098AF824ED110A005B632D /* Resources */ = {
			isa = PBXResourcesBuildPhase;
			buildActionMask = 2147483647;
			files = (
			);
			runOnlyForDeploymentPostprocessing = 0;
		};
/* End PBXResourcesBuildPhase section */

/* Begin PBXSourcesBuildPhase section */
		CA0989F724EC17E6005B632D /* Sources */ = {
			isa = PBXSourcesBuildPhase;
			buildActionMask = 2147483647;
			files = (
				CA30256724ED6CDB00FCD4FE /* CategoryItemCell.swift in Sources */,
				CADC4BC024ED613100D36160 /* SignInEndpoint.swift in Sources */,
				CA098A1F24EC17E6005B632D /* ContentView.swift in Sources */,
				CABC959024F499DE00020600 /* DBList+Extension.swift in Sources */,
				CA24385324ED77B500656024 /* DBCategory+CoreDataProperties.swift in Sources */,
				CABC927A24EE5E7F00020600 /* ProfileScreen.swift in Sources */,
				CA79BCE824EE5A3300118788 /* ItemCell.swift in Sources */,
				CA098B0924ED199C005B632D /* SyncEngine.swift in Sources */,
				CA098B1524ED2FA4005B632D /* Library.swift in Sources */,
				CABC957E24F4033200020600 /* PriceFormatter.swift in Sources */,
				CA30256324ED688D00FCD4FE /* GearListCell.swift in Sources */,
				CA098B5624ED4E99005B632D /* DBCategoryItem+CoreDataClass.swift in Sources */,
				CA79BCDD24EE2F2E00118788 /* SectionHeader.swift in Sources */,
				CABC93AF24EFBEB600020600 /* Color.swift in Sources */,
				CA098B6024ED4E99005B632D /* DBCategoryItem+CoreDataProperties.swift in Sources */,
				CA098AE424ECED82005B632D /* PersistentContainer.swift in Sources */,
				CA098AF424ED00A5005B632D /* APIClient.swift in Sources */,
				CABC958A24F4999A00020600 /* DBCategoryItem+Extension.swift in Sources */,
				CA098B5824ED4E99005B632D /* DBCategory+CoreDataClass.swift in Sources */,
				CA098B1024ED2E8E005B632D /* List.swift in Sources */,
				CA098B5424ED4E99005B632D /* DBItem+CoreDataProperties.swift in Sources */,
				CABC93B324EFC3CE00020600 /* GearListCategorySection.swift in Sources */,
				CABC959324F4B90100020600 /* ShareSheet.swift in Sources */,
				CA098B0E24ED2E8E005B632D /* Item.swift in Sources */,
				CA098AD924ECDECE005B632D /* Settings.swift in Sources */,
				CA098A1D24EC17E6005B632D /* LighterPackApp.swift in Sources */,
				CA79BCDF24EE2F5D00118788 /* AnyView.swift in Sources */,
				CA098B0624ED1972005B632D /* DictionaryLookup.swift in Sources */,
				CA30256024ED679600FCD4FE /* GearListsScreen.swift in Sources */,
				CA098AF124ED0044005B632D /* LighterPackAccess.swift in Sources */,
				CA79BCE224EE376C00118788 /* WeightFormatter.swift in Sources */,
				CA098AED24ECFD15005B632D /* UserDefaults.swift in Sources */,
				CA79BCE624EE59E400118788 /* ItemsListScreen.swift in Sources */,
				CABC958124F4066900020600 /* Icon.swift in Sources */,
				CA30256524ED696F00FCD4FE /* GearListScreen.swift in Sources */,
				CA098AE024ECDF92005B632D /* WeightUnit.swift in Sources */,
				CA098B5A24ED4E99005B632D /* DBItem+CoreDataClass.swift in Sources */,
				CA098AE824ECEE51005B632D /* Model.xcdatamodeld in Sources */,
				CABC93B624EFC3FF00020600 /* GearListPieSection.swift in Sources */,
				CADC4BC324ED616400D36160 /* RetrieveInfoEndpoint.swift in Sources */,
				CADC4BC524ED618400D36160 /* SaveEndpoint.swift in Sources */,
				CA098B5C24ED4E99005B632D /* DBList+CoreDataProperties.swift in Sources */,
				CA098B1224ED2E8E005B632D /* Category.swift in Sources */,
				CABC958724F4997800020600 /* DBCategory+Extension.swift in Sources */,
				CA79BCE424EE4A3F00118788 /* NetworkImage.swift in Sources */,
				CABC958D24F499BB00020600 /* DBItem+Extension.swift in Sources */,
				CA098B5224ED4E99005B632D /* DBList+CoreDataClass.swift in Sources */,
			);
			runOnlyForDeploymentPostprocessing = 0;
		};
		CA0989FF24EC17E6005B632D /* Sources */ = {
			isa = PBXSourcesBuildPhase;
			buildActionMask = 2147483647;
			files = (
				CADC4BC124ED614D00D36160 /* SignInEndpoint.swift in Sources */,
				CABC957F24F4033300020600 /* PriceFormatter.swift in Sources */,
				CA098A2024EC17E6005B632D /* ContentView.swift in Sources */,
				CA098B0A24ED199C005B632D /* SyncEngine.swift in Sources */,
				CABC958224F4066900020600 /* Icon.swift in Sources */,
				CA098B1624ED2FA4005B632D /* Library.swift in Sources */,
				CABC93B724EFC3FF00020600 /* GearListPieSection.swift in Sources */,
				CA098B5724ED4E99005B632D /* DBCategoryItem+CoreDataClass.swift in Sources */,
				CA098B6124ED4E99005B632D /* DBCategoryItem+CoreDataProperties.swift in Sources */,
				CABC958824F4997800020600 /* DBCategory+Extension.swift in Sources */,
				CA098AE524ECED82005B632D /* PersistentContainer.swift in Sources */,
				CABC958B24F4999A00020600 /* DBCategoryItem+Extension.swift in Sources */,
				CA098AF524ED00A5005B632D /* APIClient.swift in Sources */,
				CA098B5924ED4E99005B632D /* DBCategory+CoreDataClass.swift in Sources */,
				CABC959124F499DE00020600 /* DBList+Extension.swift in Sources */,
				CABC958E24F499BB00020600 /* DBItem+Extension.swift in Sources */,
				CA098B1124ED2E8E005B632D /* List.swift in Sources */,
				CA098B5524ED4E99005B632D /* DBItem+CoreDataProperties.swift in Sources */,
				CA098B0F24ED2E8E005B632D /* Item.swift in Sources */,
				CA098ADA24ECDECE005B632D /* Settings.swift in Sources */,
				CA098A1E24EC17E6005B632D /* LighterPackApp.swift in Sources */,
				CABC959424F4B90100020600 /* ShareSheet.swift in Sources */,
				CA098B0724ED1972005B632D /* DictionaryLookup.swift in Sources */,
				CA098AF224ED0044005B632D /* LighterPackAccess.swift in Sources */,
				CA098AEE24ECFD15005B632D /* UserDefaults.swift in Sources */,
				CA098AE124ECDF92005B632D /* WeightUnit.swift in Sources */,
				CABC93B424EFC3CE00020600 /* GearListCategorySection.swift in Sources */,
				CABC93B024EFBEB600020600 /* Color.swift in Sources */,
				CA098B5B24ED4E99005B632D /* DBItem+CoreDataClass.swift in Sources */,
				CA098AE924ECEE51005B632D /* Model.xcdatamodeld in Sources */,
				CA098B5D24ED4E99005B632D /* DBList+CoreDataProperties.swift in Sources */,
				CA098B1324ED2E8E005B632D /* Category.swift in Sources */,
				CA24385424ED77B500656024 /* DBCategory+CoreDataProperties.swift in Sources */,
				CA098B5324ED4E99005B632D /* DBList+CoreDataClass.swift in Sources */,
			);
			runOnlyForDeploymentPostprocessing = 0;
		};
		CA098A0724EC17E6005B632D /* Sources */ = {
			isa = PBXSourcesBuildPhase;
			buildActionMask = 2147483647;
			files = (
				CA098A1024EC17E6005B632D /* Tests_iOS.swift in Sources */,
			);
			runOnlyForDeploymentPostprocessing = 0;
		};
		CA098A1224EC17E6005B632D /* Sources */ = {
			isa = PBXSourcesBuildPhase;
			buildActionMask = 2147483647;
			files = (
				CA098A1B24EC17E6005B632D /* Tests_macOS.swift in Sources */,
			);
			runOnlyForDeploymentPostprocessing = 0;
		};
		CA098AF624ED110A005B632D /* Sources */ = {
			isa = PBXSourcesBuildPhase;
			buildActionMask = 2147483647;
			files = (
				CA098AFD24ED110A005B632D /* LighterPackTests.swift in Sources */,
			);
			runOnlyForDeploymentPostprocessing = 0;
		};
/* End PBXSourcesBuildPhase section */

/* Begin PBXTargetDependency section */
		CA098A0D24EC17E6005B632D /* PBXTargetDependency */ = {
			isa = PBXTargetDependency;
			target = CA0989FA24EC17E6005B632D /* LighterPack (iOS) */;
			targetProxy = CA098A0C24EC17E6005B632D /* PBXContainerItemProxy */;
		};
		CA098A1824EC17E6005B632D /* PBXTargetDependency */ = {
			isa = PBXTargetDependency;
			target = CA098A0224EC17E6005B632D /* LighterPack (macOS) */;
			targetProxy = CA098A1724EC17E6005B632D /* PBXContainerItemProxy */;
		};
		CA098B0324ED1131005B632D /* PBXTargetDependency */ = {
			isa = PBXTargetDependency;
			target = CA0989FA24EC17E6005B632D /* LighterPack (iOS) */;
			targetProxy = CA098B0224ED1131005B632D /* PBXContainerItemProxy */;
		};
/* End PBXTargetDependency section */

/* Begin XCBuildConfiguration section */
		CA098A2324EC17E6005B632D /* Debug */ = {
			isa = XCBuildConfiguration;
			buildSettings = {
				ALWAYS_SEARCH_USER_PATHS = NO;
				CLANG_ANALYZER_NONNULL = YES;
				CLANG_ANALYZER_NUMBER_OBJECT_CONVERSION = YES_AGGRESSIVE;
				CLANG_CXX_LANGUAGE_STANDARD = "gnu++14";
				CLANG_CXX_LIBRARY = "libc++";
				CLANG_ENABLE_MODULES = YES;
				CLANG_ENABLE_OBJC_ARC = YES;
				CLANG_ENABLE_OBJC_WEAK = YES;
				CLANG_WARN_BLOCK_CAPTURE_AUTORELEASING = YES;
				CLANG_WARN_BOOL_CONVERSION = YES;
				CLANG_WARN_COMMA = YES;
				CLANG_WARN_CONSTANT_CONVERSION = YES;
				CLANG_WARN_DEPRECATED_OBJC_IMPLEMENTATIONS = YES;
				CLANG_WARN_DIRECT_OBJC_ISA_USAGE = YES_ERROR;
				CLANG_WARN_DOCUMENTATION_COMMENTS = YES;
				CLANG_WARN_EMPTY_BODY = YES;
				CLANG_WARN_ENUM_CONVERSION = YES;
				CLANG_WARN_INFINITE_RECURSION = YES;
				CLANG_WARN_INT_CONVERSION = YES;
				CLANG_WARN_NON_LITERAL_NULL_CONVERSION = YES;
				CLANG_WARN_OBJC_IMPLICIT_RETAIN_SELF = YES;
				CLANG_WARN_OBJC_LITERAL_CONVERSION = YES;
				CLANG_WARN_OBJC_ROOT_CLASS = YES_ERROR;
				CLANG_WARN_QUOTED_INCLUDE_IN_FRAMEWORK_HEADER = YES;
				CLANG_WARN_RANGE_LOOP_ANALYSIS = YES;
				CLANG_WARN_STRICT_PROTOTYPES = YES;
				CLANG_WARN_SUSPICIOUS_MOVE = YES;
				CLANG_WARN_UNGUARDED_AVAILABILITY = YES_AGGRESSIVE;
				CLANG_WARN_UNREACHABLE_CODE = YES;
				CLANG_WARN__DUPLICATE_METHOD_MATCH = YES;
				COPY_PHASE_STRIP = NO;
				DEBUG_INFORMATION_FORMAT = dwarf;
				ENABLE_STRICT_OBJC_MSGSEND = YES;
				ENABLE_TESTABILITY = YES;
				GCC_C_LANGUAGE_STANDARD = gnu11;
				GCC_DYNAMIC_NO_PIC = NO;
				GCC_NO_COMMON_BLOCKS = YES;
				GCC_OPTIMIZATION_LEVEL = 0;
				GCC_PREPROCESSOR_DEFINITIONS = (
					"DEBUG=1",
					"$(inherited)",
				);
				GCC_WARN_64_TO_32_BIT_CONVERSION = YES;
				GCC_WARN_ABOUT_RETURN_TYPE = YES_ERROR;
				GCC_WARN_UNDECLARED_SELECTOR = YES;
				GCC_WARN_UNINITIALIZED_AUTOS = YES_AGGRESSIVE;
				GCC_WARN_UNUSED_FUNCTION = YES;
				GCC_WARN_UNUSED_VARIABLE = YES;
				MTL_ENABLE_DEBUG_INFO = INCLUDE_SOURCE;
				MTL_FAST_MATH = YES;
				ONLY_ACTIVE_ARCH = YES;
				SWIFT_ACTIVE_COMPILATION_CONDITIONS = DEBUG;
				SWIFT_OPTIMIZATION_LEVEL = "-Onone";
			};
			name = Debug;
		};
		CA098A2424EC17E6005B632D /* Release */ = {
			isa = XCBuildConfiguration;
			buildSettings = {
				ALWAYS_SEARCH_USER_PATHS = NO;
				CLANG_ANALYZER_NONNULL = YES;
				CLANG_ANALYZER_NUMBER_OBJECT_CONVERSION = YES_AGGRESSIVE;
				CLANG_CXX_LANGUAGE_STANDARD = "gnu++14";
				CLANG_CXX_LIBRARY = "libc++";
				CLANG_ENABLE_MODULES = YES;
				CLANG_ENABLE_OBJC_ARC = YES;
				CLANG_ENABLE_OBJC_WEAK = YES;
				CLANG_WARN_BLOCK_CAPTURE_AUTORELEASING = YES;
				CLANG_WARN_BOOL_CONVERSION = YES;
				CLANG_WARN_COMMA = YES;
				CLANG_WARN_CONSTANT_CONVERSION = YES;
				CLANG_WARN_DEPRECATED_OBJC_IMPLEMENTATIONS = YES;
				CLANG_WARN_DIRECT_OBJC_ISA_USAGE = YES_ERROR;
				CLANG_WARN_DOCUMENTATION_COMMENTS = YES;
				CLANG_WARN_EMPTY_BODY = YES;
				CLANG_WARN_ENUM_CONVERSION = YES;
				CLANG_WARN_INFINITE_RECURSION = YES;
				CLANG_WARN_INT_CONVERSION = YES;
				CLANG_WARN_NON_LITERAL_NULL_CONVERSION = YES;
				CLANG_WARN_OBJC_IMPLICIT_RETAIN_SELF = YES;
				CLANG_WARN_OBJC_LITERAL_CONVERSION = YES;
				CLANG_WARN_OBJC_ROOT_CLASS = YES_ERROR;
				CLANG_WARN_QUOTED_INCLUDE_IN_FRAMEWORK_HEADER = YES;
				CLANG_WARN_RANGE_LOOP_ANALYSIS = YES;
				CLANG_WARN_STRICT_PROTOTYPES = YES;
				CLANG_WARN_SUSPICIOUS_MOVE = YES;
				CLANG_WARN_UNGUARDED_AVAILABILITY = YES_AGGRESSIVE;
				CLANG_WARN_UNREACHABLE_CODE = YES;
				CLANG_WARN__DUPLICATE_METHOD_MATCH = YES;
				COPY_PHASE_STRIP = NO;
				DEBUG_INFORMATION_FORMAT = "dwarf-with-dsym";
				ENABLE_NS_ASSERTIONS = NO;
				ENABLE_STRICT_OBJC_MSGSEND = YES;
				GCC_C_LANGUAGE_STANDARD = gnu11;
				GCC_NO_COMMON_BLOCKS = YES;
				GCC_WARN_64_TO_32_BIT_CONVERSION = YES;
				GCC_WARN_ABOUT_RETURN_TYPE = YES_ERROR;
				GCC_WARN_UNDECLARED_SELECTOR = YES;
				GCC_WARN_UNINITIALIZED_AUTOS = YES_AGGRESSIVE;
				GCC_WARN_UNUSED_FUNCTION = YES;
				GCC_WARN_UNUSED_VARIABLE = YES;
				MTL_ENABLE_DEBUG_INFO = NO;
				MTL_FAST_MATH = YES;
				SWIFT_COMPILATION_MODE = wholemodule;
				SWIFT_OPTIMIZATION_LEVEL = "-O";
			};
			name = Release;
		};
		CA098A2624EC17E6005B632D /* Debug */ = {
			isa = XCBuildConfiguration;
			buildSettings = {
				ASSETCATALOG_COMPILER_APPICON_NAME = AppIcon;
				ASSETCATALOG_COMPILER_GLOBAL_ACCENT_COLOR_NAME = AccentColor;
				CODE_SIGN_STYLE = Automatic;
				DEVELOPMENT_TEAM = 55KT6477DB;
				ENABLE_PREVIEWS = YES;
				INFOPLIST_FILE = iOS/Info.plist;
				IPHONEOS_DEPLOYMENT_TARGET = 14.0;
				LD_RUNPATH_SEARCH_PATHS = (
					"$(inherited)",
					"@executable_path/Frameworks",
				);
				PRODUCT_BUNDLE_IDENTIFIER = com.acantallops.LighterPack;
				PRODUCT_NAME = LighterPack;
				SDKROOT = iphoneos;
				SWIFT_VERSION = 5.0;
				TARGETED_DEVICE_FAMILY = "1,2";
			};
			name = Debug;
		};
		CA098A2724EC17E6005B632D /* Release */ = {
			isa = XCBuildConfiguration;
			buildSettings = {
				ASSETCATALOG_COMPILER_APPICON_NAME = AppIcon;
				ASSETCATALOG_COMPILER_GLOBAL_ACCENT_COLOR_NAME = AccentColor;
				CODE_SIGN_STYLE = Automatic;
				DEVELOPMENT_TEAM = 55KT6477DB;
				ENABLE_PREVIEWS = YES;
				INFOPLIST_FILE = iOS/Info.plist;
				IPHONEOS_DEPLOYMENT_TARGET = 14.0;
				LD_RUNPATH_SEARCH_PATHS = (
					"$(inherited)",
					"@executable_path/Frameworks",
				);
				PRODUCT_BUNDLE_IDENTIFIER = com.acantallops.LighterPack;
				PRODUCT_NAME = LighterPack;
				SDKROOT = iphoneos;
				SWIFT_VERSION = 5.0;
				TARGETED_DEVICE_FAMILY = "1,2";
				VALIDATE_PRODUCT = YES;
			};
			name = Release;
		};
		CA098A2924EC17E6005B632D /* Debug */ = {
			isa = XCBuildConfiguration;
			buildSettings = {
				ASSETCATALOG_COMPILER_APPICON_NAME = AppIcon;
				ASSETCATALOG_COMPILER_GLOBAL_ACCENT_COLOR_NAME = AccentColor;
				CODE_SIGN_ENTITLEMENTS = macOS/macOS.entitlements;
				CODE_SIGN_STYLE = Automatic;
				COMBINE_HIDPI_IMAGES = YES;
				DEVELOPMENT_TEAM = 55KT6477DB;
				ENABLE_HARDENED_RUNTIME = YES;
				ENABLE_PREVIEWS = YES;
				INFOPLIST_FILE = macOS/Info.plist;
				LD_RUNPATH_SEARCH_PATHS = (
					"$(inherited)",
					"@executable_path/../Frameworks",
				);
				MACOSX_DEPLOYMENT_TARGET = 11.0;
				PRODUCT_BUNDLE_IDENTIFIER = com.acantallops.LighterPack;
				PRODUCT_NAME = LighterPack;
				SDKROOT = macosx;
				SWIFT_VERSION = 5.0;
			};
			name = Debug;
		};
		CA098A2A24EC17E6005B632D /* Release */ = {
			isa = XCBuildConfiguration;
			buildSettings = {
				ASSETCATALOG_COMPILER_APPICON_NAME = AppIcon;
				ASSETCATALOG_COMPILER_GLOBAL_ACCENT_COLOR_NAME = AccentColor;
				CODE_SIGN_ENTITLEMENTS = macOS/macOS.entitlements;
				CODE_SIGN_STYLE = Automatic;
				COMBINE_HIDPI_IMAGES = YES;
				DEVELOPMENT_TEAM = 55KT6477DB;
				ENABLE_HARDENED_RUNTIME = YES;
				ENABLE_PREVIEWS = YES;
				INFOPLIST_FILE = macOS/Info.plist;
				LD_RUNPATH_SEARCH_PATHS = (
					"$(inherited)",
					"@executable_path/../Frameworks",
				);
				MACOSX_DEPLOYMENT_TARGET = 11.0;
				PRODUCT_BUNDLE_IDENTIFIER = com.acantallops.LighterPack;
				PRODUCT_NAME = LighterPack;
				SDKROOT = macosx;
				SWIFT_VERSION = 5.0;
			};
			name = Release;
		};
		CA098A2C24EC17E6005B632D /* Debug */ = {
			isa = XCBuildConfiguration;
			buildSettings = {
				ALWAYS_EMBED_SWIFT_STANDARD_LIBRARIES = YES;
				CODE_SIGN_STYLE = Automatic;
				DEVELOPMENT_TEAM = 55KT6477DB;
				INFOPLIST_FILE = "Tests iOS/Info.plist";
				IPHONEOS_DEPLOYMENT_TARGET = 14.0;
				LD_RUNPATH_SEARCH_PATHS = (
					"$(inherited)",
					"@executable_path/Frameworks",
					"@loader_path/Frameworks",
				);
				PRODUCT_BUNDLE_IDENTIFIER = "com.acantallops.Tests-iOS";
				PRODUCT_NAME = "$(TARGET_NAME)";
				PROVISIONING_PROFILE = "";
				SDKROOT = iphoneos;
				SWIFT_VERSION = 5.0;
				TARGETED_DEVICE_FAMILY = "1,2";
				TEST_TARGET_NAME = "LighterPack (iOS)";
			};
			name = Debug;
		};
		CA098A2D24EC17E6005B632D /* Release */ = {
			isa = XCBuildConfiguration;
			buildSettings = {
				ALWAYS_EMBED_SWIFT_STANDARD_LIBRARIES = YES;
				CODE_SIGN_STYLE = Automatic;
				DEVELOPMENT_TEAM = 55KT6477DB;
				INFOPLIST_FILE = "Tests iOS/Info.plist";
				IPHONEOS_DEPLOYMENT_TARGET = 14.0;
				LD_RUNPATH_SEARCH_PATHS = (
					"$(inherited)",
					"@executable_path/Frameworks",
					"@loader_path/Frameworks",
				);
				PRODUCT_BUNDLE_IDENTIFIER = "com.acantallops.Tests-iOS";
				PRODUCT_NAME = "$(TARGET_NAME)";
				PROVISIONING_PROFILE = "";
				SDKROOT = iphoneos;
				SWIFT_VERSION = 5.0;
				TARGETED_DEVICE_FAMILY = "1,2";
				TEST_TARGET_NAME = "LighterPack (iOS)";
				VALIDATE_PRODUCT = YES;
			};
			name = Release;
		};
		CA098A2F24EC17E6005B632D /* Debug */ = {
			isa = XCBuildConfiguration;
			buildSettings = {
				ALWAYS_EMBED_SWIFT_STANDARD_LIBRARIES = YES;
				CODE_SIGN_STYLE = Automatic;
				COMBINE_HIDPI_IMAGES = YES;
				DEVELOPMENT_TEAM = 55KT6477DB;
				INFOPLIST_FILE = "Tests macOS/Info.plist";
				LD_RUNPATH_SEARCH_PATHS = (
					"$(inherited)",
					"@executable_path/../Frameworks",
					"@loader_path/../Frameworks",
				);
				MACOSX_DEPLOYMENT_TARGET = 10.15;
				PRODUCT_BUNDLE_IDENTIFIER = "com.acantallops.Tests-macOS";
				PRODUCT_NAME = "$(TARGET_NAME)";
				SDKROOT = macosx;
				SWIFT_VERSION = 5.0;
				TEST_TARGET_NAME = "LighterPack (macOS)";
			};
			name = Debug;
		};
		CA098A3024EC17E6005B632D /* Release */ = {
			isa = XCBuildConfiguration;
			buildSettings = {
				ALWAYS_EMBED_SWIFT_STANDARD_LIBRARIES = YES;
				CODE_SIGN_STYLE = Automatic;
				COMBINE_HIDPI_IMAGES = YES;
				DEVELOPMENT_TEAM = 55KT6477DB;
				INFOPLIST_FILE = "Tests macOS/Info.plist";
				LD_RUNPATH_SEARCH_PATHS = (
					"$(inherited)",
					"@executable_path/../Frameworks",
					"@loader_path/../Frameworks",
				);
				MACOSX_DEPLOYMENT_TARGET = 10.15;
				PRODUCT_BUNDLE_IDENTIFIER = "com.acantallops.Tests-macOS";
				PRODUCT_NAME = "$(TARGET_NAME)";
				SDKROOT = macosx;
				SWIFT_VERSION = 5.0;
				TEST_TARGET_NAME = "LighterPack (macOS)";
			};
			name = Release;
		};
		CA098B0024ED110A005B632D /* Debug */ = {
			isa = XCBuildConfiguration;
			buildSettings = {
				BUNDLE_LOADER = "$(TEST_HOST)";
				CODE_SIGN_STYLE = Automatic;
				DEVELOPMENT_TEAM = 55KT6477DB;
				INFOPLIST_FILE = LighterPackTests/Info.plist;
				IPHONEOS_DEPLOYMENT_TARGET = 14.0;
				LD_RUNPATH_SEARCH_PATHS = (
					"$(inherited)",
					"@executable_path/Frameworks",
					"@loader_path/Frameworks",
				);
				PRODUCT_BUNDLE_IDENTIFIER = com.acantallops.LighterPackTests;
				PRODUCT_NAME = "$(TARGET_NAME)";
				SDKROOT = iphoneos;
				SWIFT_VERSION = 5.0;
				TARGETED_DEVICE_FAMILY = "1,2";
				TEST_HOST = "$(BUILT_PRODUCTS_DIR)/LighterPack.app/LighterPack";
			};
			name = Debug;
		};
		CA098B0124ED110A005B632D /* Release */ = {
			isa = XCBuildConfiguration;
			buildSettings = {
				BUNDLE_LOADER = "$(TEST_HOST)";
				CODE_SIGN_STYLE = Automatic;
				DEVELOPMENT_TEAM = 55KT6477DB;
				INFOPLIST_FILE = LighterPackTests/Info.plist;
				IPHONEOS_DEPLOYMENT_TARGET = 14.0;
				LD_RUNPATH_SEARCH_PATHS = (
					"$(inherited)",
					"@executable_path/Frameworks",
					"@loader_path/Frameworks",
				);
				PRODUCT_BUNDLE_IDENTIFIER = com.acantallops.LighterPackTests;
				PRODUCT_NAME = "$(TARGET_NAME)";
				SDKROOT = iphoneos;
				SWIFT_VERSION = 5.0;
				TARGETED_DEVICE_FAMILY = "1,2";
				TEST_HOST = "$(BUILT_PRODUCTS_DIR)/LighterPack.app/LighterPack";
				VALIDATE_PRODUCT = YES;
			};
			name = Release;
		};
/* End XCBuildConfiguration section */

/* Begin XCConfigurationList section */
		CA0989F224EC17E4005B632D /* Build configuration list for PBXProject "LighterPack" */ = {
			isa = XCConfigurationList;
			buildConfigurations = (
				CA098A2324EC17E6005B632D /* Debug */,
				CA098A2424EC17E6005B632D /* Release */,
			);
			defaultConfigurationIsVisible = 0;
			defaultConfigurationName = Release;
		};
		CA098A2524EC17E6005B632D /* Build configuration list for PBXNativeTarget "LighterPack (iOS)" */ = {
			isa = XCConfigurationList;
			buildConfigurations = (
				CA098A2624EC17E6005B632D /* Debug */,
				CA098A2724EC17E6005B632D /* Release */,
			);
			defaultConfigurationIsVisible = 0;
			defaultConfigurationName = Release;
		};
		CA098A2824EC17E6005B632D /* Build configuration list for PBXNativeTarget "LighterPack (macOS)" */ = {
			isa = XCConfigurationList;
			buildConfigurations = (
				CA098A2924EC17E6005B632D /* Debug */,
				CA098A2A24EC17E6005B632D /* Release */,
			);
			defaultConfigurationIsVisible = 0;
			defaultConfigurationName = Release;
		};
		CA098A2B24EC17E6005B632D /* Build configuration list for PBXNativeTarget "Tests iOS" */ = {
			isa = XCConfigurationList;
			buildConfigurations = (
				CA098A2C24EC17E6005B632D /* Debug */,
				CA098A2D24EC17E6005B632D /* Release */,
			);
			defaultConfigurationIsVisible = 0;
			defaultConfigurationName = Release;
		};
		CA098A2E24EC17E6005B632D /* Build configuration list for PBXNativeTarget "Tests macOS" */ = {
			isa = XCConfigurationList;
			buildConfigurations = (
				CA098A2F24EC17E6005B632D /* Debug */,
				CA098A3024EC17E6005B632D /* Release */,
			);
			defaultConfigurationIsVisible = 0;
			defaultConfigurationName = Release;
		};
		CA098AFF24ED110A005B632D /* Build configuration list for PBXNativeTarget "LighterPackTests" */ = {
			isa = XCConfigurationList;
			buildConfigurations = (
				CA098B0024ED110A005B632D /* Debug */,
				CA098B0124ED110A005B632D /* Release */,
			);
			defaultConfigurationIsVisible = 0;
			defaultConfigurationName = Release;
		};
/* End XCConfigurationList section */

/* Begin XCRemoteSwiftPackageReference section */
		CABC928124EF491700020600 /* XCRemoteSwiftPackageReference "SwiftSunburstDiagram" */ = {
			isa = XCRemoteSwiftPackageReference;
			repositoryURL = "https://github.com/lludo/SwiftSunburstDiagram";
			requirement = {
				kind = upToNextMajorVersion;
				minimumVersion = 1.1.0;
			};
		};
/* End XCRemoteSwiftPackageReference section */

/* Begin XCSwiftPackageProductDependency section */
		CABC928224EF491700020600 /* SunburstDiagram */ = {
			isa = XCSwiftPackageProductDependency;
			package = CABC928124EF491700020600 /* XCRemoteSwiftPackageReference "SwiftSunburstDiagram" */;
			productName = SunburstDiagram;
		};
/* End XCSwiftPackageProductDependency section */

/* Begin XCVersionGroup section */
		CA098AE624ECEE51005B632D /* Model.xcdatamodeld */ = {
			isa = XCVersionGroup;
			children = (
				CA098AE724ECEE51005B632D /* Model.xcdatamodel */,
			);
			currentVersion = CA098AE724ECEE51005B632D /* Model.xcdatamodel */;
			path = Model.xcdatamodeld;
			sourceTree = "<group>";
			versionGroupType = wrapper.xcdatamodel;
		};
/* End XCVersionGroup section */
	};
	rootObject = CA0989EF24EC17E4005B632D /* Project object */;
}
